
Microsoft Visual Studio Solution File, Format Version 12.00
# Visual Studio Version 16
VisualStudioVersion = 16.0.31129.286
MinimumVisualStudioVersion = 10.0.40219.1
Project("{FAE04EC0-301F-11D3-BF4B-00C04F79EFBC}") = "Notepad", "Notepad\Notepad.csproj", "{06C0A6A3-6AC0-48CC-ADC8-10D3043D2B09}"
EndProject
Global
	GlobalSection(SolutionConfigurationPlatforms) = preSolution
		Debug|Any CPU = Debug|Any CPU
		Release|Any CPU = Release|Any CPU
	EndGlobalSection
	GlobalSection(ProjectConfigurationPlatforms) = postSolution
		{06C0A6A3-6AC0-48CC-ADC8-10D3043D2B09}.Debug|Any CPU.ActiveCfg = Debug|Any CPU
		{06C0A6A3-6AC0-48CC-ADC8-10D3043D2B09}.Debug|Any CPU.Build.0 = Debug|Any CPU
		{06C0A6A3-6AC0-48CC-ADC8-10D3043D2B09}.Release|Any CPU.ActiveCfg = Release|Any CPU
		{06C0A6A3-6AC0-48CC-ADC8-10D3043D2B09}.Release|Any CPU.Build.0 = Release|Any CPU
	EndGlobalSection
	GlobalSection(SolutionProperties) = preSolution
		HideSolutionNode = FALSE
	EndGlobalSection
	GlobalSection(ExtensibilityGlobals) = postSolution
		SolutionGuid = {3D7EB63D-0B45-451C-8C41-2511F42A8D4A}
	EndGlobalSection
EndGlobal
